// !$*UTF8*$!
{
	archiveVersion = 1;
	classes = {
	};
	objectVersion = 46;
	objects = {

/* Begin PBXBuildFile section */
		840619B91CF593D900207C49 /* main.m in Sources */ = {isa = PBXBuildFile; fileRef = 840619B81CF593D900207C49 /* main.m */; };
		840619BC1CF593D900207C49 /* AppDelegate.m in Sources */ = {isa = PBXBuildFile; fileRef = 840619BB1CF593D900207C49 /* AppDelegate.m */; };
		840619BF1CF593D900207C49 /* ViewController.m in Sources */ = {isa = PBXBuildFile; fileRef = 840619BE1CF593D900207C49 /* ViewController.m */; };
		840619C21CF593D900207C49 /* Main.storyboard in Resources */ = {isa = PBXBuildFile; fileRef = 840619C01CF593D900207C49 /* Main.storyboard */; };
		840619C41CF593D900207C49 /* Assets.xcassets in Resources */ = {isa = PBXBuildFile; fileRef = 840619C31CF593D900207C49 /* Assets.xcassets */; };
		840619C71CF593D900207C49 /* LaunchScreen.storyboard in Resources */ = {isa = PBXBuildFile; fileRef = 840619C51CF593D900207C49 /* LaunchScreen.storyboard */; };
		840619D11CF593F800207C49 /* Piece.m in Sources */ = {isa = PBXBuildFile; fileRef = 840619D01CF593F800207C49 /* Piece.m */; };
		84FBBD1D1CF846DB001C06E5 /* Cell.m in Sources */ = {isa = PBXBuildFile; fileRef = 84FBBD1C1CF846DB001C06E5 /* Cell.m */; };
		84FBBD211CF84C41001C06E5 /* Map.m in Sources */ = {isa = PBXBuildFile; fileRef = 84FBBD201CF84C41001C06E5 /* Map.m */; };
		84FBBD351CF84C70001C06E5 /* Bishop.m in Sources */ = {isa = PBXBuildFile; fileRef = 84FBBD241CF84C70001C06E5 /* Bishop.m */; };
		84FBBD371CF84C70001C06E5 /* King.m in Sources */ = {isa = PBXBuildFile; fileRef = 84FBBD281CF84C70001C06E5 /* King.m */; };
		84FBBD381CF84C70001C06E5 /* Knight.m in Sources */ = {isa = PBXBuildFile; fileRef = 84FBBD2A1CF84C70001C06E5 /* Knight.m */; };
		84FBBD391CF84C70001C06E5 /* Pawn.m in Sources */ = {isa = PBXBuildFile; fileRef = 84FBBD2C1CF84C70001C06E5 /* Pawn.m */; };
		84FBBD3C1CF84C70001C06E5 /* Queen.m in Sources */ = {isa = PBXBuildFile; fileRef = 84FBBD321CF84C70001C06E5 /* Queen.m */; };
		84FBBD3D1CF84C70001C06E5 /* Rook.m in Sources */ = {isa = PBXBuildFile; fileRef = 84FBBD341CF84C70001C06E5 /* Rook.m */; };
/* End PBXBuildFile section */

/* Begin PBXFileReference section */
		840619B41CF593D900207C49 /* ChessMasterLibrary.app */ = {isa = PBXFileReference; explicitFileType = wrapper.application; includeInIndex = 0; path = ChessMasterLibrary.app; sourceTree = BUILT_PRODUCTS_DIR; };
		840619B81CF593D900207C49 /* main.m */ = {isa = PBXFileReference; lastKnownFileType = sourcecode.c.objc; path = main.m; sourceTree = "<group>"; };
		840619BA1CF593D900207C49 /* AppDelegate.h */ = {isa = PBXFileReference; lastKnownFileType = sourcecode.c.h; path = AppDelegate.h; sourceTree = "<group>"; };
		840619BB1CF593D900207C49 /* AppDelegate.m */ = {isa = PBXFileReference; lastKnownFileType = sourcecode.c.objc; path = AppDelegate.m; sourceTree = "<group>"; };
		840619BD1CF593D900207C49 /* ViewController.h */ = {isa = PBXFileReference; lastKnownFileType = sourcecode.c.h; path = ViewController.h; sourceTree = "<group>"; };
		840619BE1CF593D900207C49 /* ViewController.m */ = {isa = PBXFileReference; lastKnownFileType = sourcecode.c.objc; path = ViewController.m; sourceTree = "<group>"; };
		840619C11CF593D900207C49 /* Base */ = {isa = PBXFileReference; lastKnownFileType = file.storyboard; name = Base; path = Base.lproj/Main.storyboard; sourceTree = "<group>"; };
		840619C31CF593D900207C49 /* Assets.xcassets */ = {isa = PBXFileReference; lastKnownFileType = folder.assetcatalog; path = Assets.xcassets; sourceTree = "<group>"; };
		840619C61CF593D900207C49 /* Base */ = {isa = PBXFileReference; lastKnownFileType = file.storyboard; name = Base; path = Base.lproj/LaunchScreen.storyboard; sourceTree = "<group>"; };
		840619C81CF593D900207C49 /* Info.plist */ = {isa = PBXFileReference; lastKnownFileType = text.plist.xml; path = Info.plist; sourceTree = "<group>"; };
		840619CF1CF593F800207C49 /* Piece.h */ = {isa = PBXFileReference; fileEncoding = 4; lastKnownFileType = sourcecode.c.h; path = Piece.h; sourceTree = "<group>"; };
		840619D01CF593F800207C49 /* Piece.m */ = {isa = PBXFileReference; fileEncoding = 4; lastKnownFileType = sourcecode.c.objc; path = Piece.m; sourceTree = "<group>"; };
		84FBBD1B1CF846DB001C06E5 /* Cell.h */ = {isa = PBXFileReference; fileEncoding = 4; lastKnownFileType = sourcecode.c.h; path = Cell.h; sourceTree = "<group>"; };
		84FBBD1C1CF846DB001C06E5 /* Cell.m */ = {isa = PBXFileReference; fileEncoding = 4; lastKnownFileType = sourcecode.c.objc; path = Cell.m; sourceTree = "<group>"; };
		84FBBD1F1CF84C41001C06E5 /* Map.h */ = {isa = PBXFileReference; fileEncoding = 4; lastKnownFileType = sourcecode.c.h; path = Map.h; sourceTree = "<group>"; };
		84FBBD201CF84C41001C06E5 /* Map.m */ = {isa = PBXFileReference; fileEncoding = 4; lastKnownFileType = sourcecode.c.objc; path = Map.m; sourceTree = "<group>"; };
		84FBBD231CF84C70001C06E5 /* Bishop.h */ = {isa = PBXFileReference; fileEncoding = 4; lastKnownFileType = sourcecode.c.h; path = Bishop.h; sourceTree = "<group>"; };
		84FBBD241CF84C70001C06E5 /* Bishop.m */ = {isa = PBXFileReference; fileEncoding = 4; lastKnownFileType = sourcecode.c.objc; path = Bishop.m; sourceTree = "<group>"; };
		84FBBD271CF84C70001C06E5 /* King.h */ = {isa = PBXFileReference; fileEncoding = 4; lastKnownFileType = sourcecode.c.h; path = King.h; sourceTree = "<group>"; };
		84FBBD281CF84C70001C06E5 /* King.m */ = {isa = PBXFileReference; fileEncoding = 4; lastKnownFileType = sourcecode.c.objc; path = King.m; sourceTree = "<group>"; };
		84FBBD291CF84C70001C06E5 /* Knight.h */ = {isa = PBXFileReference; fileEncoding = 4; lastKnownFileType = sourcecode.c.h; path = Knight.h; sourceTree = "<group>"; };
		84FBBD2A1CF84C70001C06E5 /* Knight.m */ = {isa = PBXFileReference; fileEncoding = 4; lastKnownFileType = sourcecode.c.objc; path = Knight.m; sourceTree = "<group>"; };
		84FBBD2B1CF84C70001C06E5 /* Pawn.h */ = {isa = PBXFileReference; fileEncoding = 4; lastKnownFileType = sourcecode.c.h; path = Pawn.h; sourceTree = "<group>"; };
		84FBBD2C1CF84C70001C06E5 /* Pawn.m */ = {isa = PBXFileReference; fileEncoding = 4; lastKnownFileType = sourcecode.c.objc; path = Pawn.m; sourceTree = "<group>"; };
		84FBBD311CF84C70001C06E5 /* Queen.h */ = {isa = PBXFileReference; fileEncoding = 4; lastKnownFileType = sourcecode.c.h; path = Queen.h; sourceTree = "<group>"; };
		84FBBD321CF84C70001C06E5 /* Queen.m */ = {isa = PBXFileReference; fileEncoding = 4; lastKnownFileType = sourcecode.c.objc; path = Queen.m; sourceTree = "<group>"; };
		84FBBD331CF84C70001C06E5 /* Rook.h */ = {isa = PBXFileReference; fileEncoding = 4; lastKnownFileType = sourcecode.c.h; path = Rook.h; sourceTree = "<group>"; };
		84FBBD341CF84C70001C06E5 /* Rook.m */ = {isa = PBXFileReference; fileEncoding = 4; lastKnownFileType = sourcecode.c.objc; path = Rook.m; sourceTree = "<group>"; };
/* End PBXFileReference section */

/* Begin PBXFrameworksBuildPhase section */
		840619B11CF593D900207C49 /* Frameworks */ = {
			isa = PBXFrameworksBuildPhase;
			buildActionMask = 2147483647;
			files = (
			);
			runOnlyForDeploymentPostprocessing = 0;
		};
/* End PBXFrameworksBuildPhase section */

/* Begin PBXGroup section */
		840619AB1CF593D900207C49 = {
			isa = PBXGroup;
			children = (
				840619B61CF593D900207C49 /* ChessMasterLibrary */,
				840619B51CF593D900207C49 /* Products */,
			);
			sourceTree = "<group>";
		};
		840619B51CF593D900207C49 /* Products */ = {
			isa = PBXGroup;
			children = (
				840619B41CF593D900207C49 /* ChessMasterLibrary.app */,
			);
			name = Products;
			sourceTree = "<group>";
		};
		840619B61CF593D900207C49 /* ChessMasterLibrary */ = {
			isa = PBXGroup;
			children = (
				84FBBD221CF84C70001C06E5 /* Model */,
				84FBBD1E1CF84C2A001C06E5 /* Map */,
				84FBBD1A1CF846B7001C06E5 /* Cell */,
				840619CE1CF593E200207C49 /* PieceBase */,
				840619BA1CF593D900207C49 /* AppDelegate.h */,
				840619BB1CF593D900207C49 /* AppDelegate.m */,
				840619BD1CF593D900207C49 /* ViewController.h */,
				840619BE1CF593D900207C49 /* ViewController.m */,
				840619C01CF593D900207C49 /* Main.storyboard */,
				840619C31CF593D900207C49 /* Assets.xcassets */,
				840619C51CF593D900207C49 /* LaunchScreen.storyboard */,
				840619C81CF593D900207C49 /* Info.plist */,
				840619B71CF593D900207C49 /* Supporting Files */,
			);
			path = ChessMasterLibrary;
			sourceTree = "<group>";
		};
		840619B71CF593D900207C49 /* Supporting Files */ = {
			isa = PBXGroup;
			children = (
				840619B81CF593D900207C49 /* main.m */,
			);
			name = "Supporting Files";
			sourceTree = "<group>";
		};
		840619CE1CF593E200207C49 /* PieceBase */ = {
			isa = PBXGroup;
			children = (
				840619CF1CF593F800207C49 /* Piece.h */,
				840619D01CF593F800207C49 /* Piece.m */,
			);
			name = PieceBase;
			sourceTree = "<group>";
		};
		84FBBD1A1CF846B7001C06E5 /* Cell */ = {
			isa = PBXGroup;
			children = (
				84FBBD1B1CF846DB001C06E5 /* Cell.h */,
				84FBBD1C1CF846DB001C06E5 /* Cell.m */,
			);
			name = Cell;
			sourceTree = "<group>";
		};
		84FBBD1E1CF84C2A001C06E5 /* Map */ = {
			isa = PBXGroup;
			children = (
				84FBBD1F1CF84C41001C06E5 /* Map.h */,
				84FBBD201CF84C41001C06E5 /* Map.m */,
			);
			name = Map;
			sourceTree = "<group>";
		};
		84FBBD221CF84C70001C06E5 /* Model */ = {
			isa = PBXGroup;
			children = (
				84FBBD231CF84C70001C06E5 /* Bishop.h */,
				84FBBD241CF84C70001C06E5 /* Bishop.m */,
				84FBBD271CF84C70001C06E5 /* King.h */,
				84FBBD281CF84C70001C06E5 /* King.m */,
				84FBBD291CF84C70001C06E5 /* Knight.h */,
				84FBBD2A1CF84C70001C06E5 /* Knight.m */,
				84FBBD2B1CF84C70001C06E5 /* Pawn.h */,
				84FBBD2C1CF84C70001C06E5 /* Pawn.m */,
				84FBBD311CF84C70001C06E5 /* Queen.h */,
				84FBBD321CF84C70001C06E5 /* Queen.m */,
				84FBBD331CF84C70001C06E5 /* Rook.h */,
				84FBBD341CF84C70001C06E5 /* Rook.m */,
			);
			name = Model;
			path = "untitled folder";
			sourceTree = "<group>";
		};
/* End PBXGroup section */

/* Begin PBXNativeTarget section */
		840619B31CF593D900207C49 /* ChessMasterLibrary */ = {
			isa = PBXNativeTarget;
			buildConfigurationList = 840619CB1CF593D900207C49 /* Build configuration list for PBXNativeTarget "ChessMasterLibrary" */;
			buildPhases = (
				840619B01CF593D900207C49 /* Sources */,
				840619B11CF593D900207C49 /* Frameworks */,
				840619B21CF593D900207C49 /* Resources */,
			);
			buildRules = (
			);
			dependencies = (
			);
			name = ChessMasterLibrary;
			productName = ChessMasterLibrary;
			productReference = 840619B41CF593D900207C49 /* ChessMasterLibrary.app */;
			productType = "com.apple.product-type.application";
		};
/* End PBXNativeTarget section */

/* Begin PBXProject section */
		840619AC1CF593D900207C49 /* Project object */ = {
			isa = PBXProject;
			attributes = {
				LastUpgradeCheck = 0730;
				ORGANIZATIONNAME = VinhNguyen;
				TargetAttributes = {
					840619B31CF593D900207C49 = {
						CreatedOnToolsVersion = 7.3.1;
					};
				};
			};
			buildConfigurationList = 840619AF1CF593D900207C49 /* Build configuration list for PBXProject "ChessMasterLibrary" */;
			compatibilityVersion = "Xcode 3.2";
			developmentRegion = English;
			hasScannedForEncodings = 0;
			knownRegions = (
				en,
				Base,
			);
			mainGroup = 840619AB1CF593D900207C49;
			productRefGroup = 840619B51CF593D900207C49 /* Products */;
			projectDirPath = "";
			projectRoot = "";
			targets = (
				840619B31CF593D900207C49 /* ChessMasterLibrary */,
			);
		};
/* End PBXProject section */

/* Begin PBXResourcesBuildPhase section */
		840619B21CF593D900207C49 /* Resources */ = {
			isa = PBXResourcesBuildPhase;
			buildActionMask = 2147483647;
			files = (
				840619C71CF593D900207C49 /* LaunchScreen.storyboard in Resources */,
				840619C41CF593D900207C49 /* Assets.xcassets in Resources */,
				840619C21CF593D900207C49 /* Main.storyboard in Resources */,
			);
			runOnlyForDeploymentPostprocessing = 0;
		};
/* End PBXResourcesBuildPhase section */

/* Begin PBXSourcesBuildPhase section */
		840619B01CF593D900207C49 /* Sources */ = {
			isa = PBXSourcesBuildPhase;
			buildActionMask = 2147483647;
			files = (
				84FBBD391CF84C70001C06E5 /* Pawn.m in Sources */,
				84FBBD3C1CF84C70001C06E5 /* Queen.m in Sources */,
				84FBBD211CF84C41001C06E5 /* Map.m in Sources */,
				84FBBD3D1CF84C70001C06E5 /* Rook.m in Sources */,
				84FBBD1D1CF846DB001C06E5 /* Cell.m in Sources */,
				840619D11CF593F800207C49 /* Piece.m in Sources */,
				840619BF1CF593D900207C49 /* ViewController.m in Sources */,
				840619BC1CF593D900207C49 /* AppDelegate.m in Sources */,
				84FBBD351CF84C70001C06E5 /* Bishop.m in Sources */,
				84FBBD371CF84C70001C06E5 /* King.m in Sources */,
				84FBBD381CF84C70001C06E5 /* Knight.m in Sources */,
				840619B91CF593D900207C49 /* main.m in Sources */,
			);
			runOnlyForDeploymentPostprocessing = 0;
		};
/* End PBXSourcesBuildPhase section */

/* Begin PBXVariantGroup section */
		840619C01CF593D900207C49 /* Main.storyboard */ = {
			isa = PBXVariantGroup;
			children = (
				840619C11CF593D900207C49 /* Base */,
			);
			name = Main.storyboard;
			sourceTree = "<group>";
		};
		840619C51CF593D900207C49 /* LaunchScreen.storyboard */ = {
			isa = PBXVariantGroup;
			children = (
				840619C61CF593D900207C49 /* Base */,
			);
			name = LaunchScreen.storyboard;
			sourceTree = "<group>";
		};
/* End PBXVariantGroup section */

/* Begin XCBuildConfiguration section */
		840619C91CF593D900207C49 /* Debug */ = {
			isa = XCBuildConfiguration;
			buildSettings = {
				ALWAYS_SEARCH_USER_PATHS = NO;
				CLANG_ANALYZER_NONNULL = YES;
				CLANG_CXX_LANGUAGE_STANDARD = "gnu++0x";
				CLANG_CXX_LIBRARY = "libc++";
				CLANG_ENABLE_MODULES = YES;
				CLANG_ENABLE_OBJC_ARC = YES;
				CLANG_WARN_BOOL_CONVERSION = YES;
				CLANG_WARN_CONSTANT_CONVERSION = YES;
				CLANG_WARN_DIRECT_OBJC_ISA_USAGE = YES_ERROR;
				CLANG_WARN_EMPTY_BODY = YES;
				CLANG_WARN_ENUM_CONVERSION = YES;
				CLANG_WARN_INT_CONVERSION = YES;
				CLANG_WARN_OBJC_ROOT_CLASS = YES_ERROR;
				CLANG_WARN_UNREACHABLE_CODE = YES;
				CLANG_WARN__DUPLICATE_METHOD_MATCH = YES;
				"CODE_SIGN_IDENTITY[sdk=iphoneos*]" = "iPhone Developer";
				COPY_PHASE_STRIP = NO;
				DEBUG_INFORMATION_FORMAT = dwarf;
				ENABLE_STRICT_OBJC_MSGSEND = YES;
				ENABLE_TESTABILITY = YES;
				GCC_C_LANGUAGE_STANDARD = gnu99;
				GCC_DYNAMIC_NO_PIC = NO;
				GCC_NO_COMMON_BLOCKS = YES;
				GCC_OPTIMIZATION_LEVEL = 0;
				GCC_PREPROCESSOR_DEFINITIONS = (
					"DEBUG=1",
					"$(inherited)",
				);
				GCC_WARN_64_TO_32_BIT_CONVERSION = YES;
				GCC_WARN_ABOUT_RETURN_TYPE = YES_ERROR;
				GCC_WARN_UNDECLARED_SELECTOR = YES;
				GCC_WARN_UNINITIALIZED_AUTOS = YES_AGGRESSIVE;
				GCC_WARN_UNUSED_FUNCTION = YES;
				GCC_WARN_UNUSED_VARIABLE = YES;
				IPHONEOS_DEPLOYMENT_TARGET = 9.3;
				MTL_ENABLE_DEBUG_INFO = YES;
				ONLY_ACTIVE_ARCH = YES;
				SDKROOT = iphoneos;
			};
			name = Debug;
		};
		840619CA1CF593D900207C49 /* Release */ = {
			isa = XCBuildConfiguration;
			buildSettings = {
				ALWAYS_SEARCH_USER_PATHS = NO;
				CLANG_ANALYZER_NONNULL = YES;
				CLANG_CXX_LANGUAGE_STANDARD = "gnu++0x";
				CLANG_CXX_LIBRARY = "libc++";
				CLANG_ENABLE_MODULES = YES;
				CLANG_ENABLE_OBJC_ARC = YES;
				CLANG_WARN_BOOL_CONVERSION = YES;
				CLANG_WARN_CONSTANT_CONVERSION = YES;
				CLANG_WARN_DIRECT_OBJC_ISA_USAGE = YES_ERROR;
				CLANG_WARN_EMPTY_BODY = YES;
				CLANG_WARN_ENUM_CONVERSION = YES;
				CLANG_WARN_INT_CONVERSION = YES;
				CLANG_WARN_OBJC_ROOT_CLASS = YES_ERROR;
				CLANG_WARN_UNREACHABLE_CODE = YES;
				CLANG_WARN__DUPLICATE_METHOD_MATCH = YES;
				"CODE_SIGN_IDENTITY[sdk=iphoneos*]" = "iPhone Developer";
				COPY_PHASE_STRIP = NO;
				DEBUG_INFORMATION_FORMAT = "dwarf-with-dsym";
				ENABLE_NS_ASSERTIONS = NO;
				ENABLE_STRICT_OBJC_MSGSEND = YES;
				GCC_C_LANGUAGE_STANDARD = gnu99;
				GCC_NO_COMMON_BLOCKS = YES;
				GCC_WARN_64_TO_32_BIT_CONVERSION = YES;
				GCC_WARN_ABOUT_RETURN_TYPE = YES_ERROR;
				GCC_WARN_UNDECLARED_SELECTOR = YES;
				GCC_WARN_UNINITIALIZED_AUTOS = YES_AGGRESSIVE;
				GCC_WARN_UNUSED_FUNCTION = YES;
				GCC_WARN_UNUSED_VARIABLE = YES;
				IPHONEOS_DEPLOYMENT_TARGET = 9.3;
				MTL_ENABLE_DEBUG_INFO = NO;
				SDKROOT = iphoneos;
				VALIDATE_PRODUCT = YES;
			};
			name = Release;
		};
		840619CC1CF593D900207C49 /* Debug */ = {
			isa = XCBuildConfiguration;
			buildSettings = {
				ASSETCATALOG_COMPILER_APPICON_NAME = AppIcon;
				INFOPLIST_FILE = ChessMasterLibrary/Info.plist;
				LD_RUNPATH_SEARCH_PATHS = "$(inherited) @executable_path/Frameworks";
				PRODUCT_BUNDLE_IDENTIFIER = com.VinhNguyen.ChessMasterLibrary;
				PRODUCT_NAME = "$(TARGET_NAME)";
			};
			name = Debug;
		};
		840619CD1CF593D900207C49 /* Release */ = {
			isa = XCBuildConfiguration;
			buildSettings = {
				ASSETCATALOG_COMPILER_APPICON_NAME = AppIcon;
				INFOPLIST_FILE = ChessMasterLibrary/Info.plist;
				LD_RUNPATH_SEARCH_PATHS = "$(inherited) @executable_path/Frameworks";
				PRODUCT_BUNDLE_IDENTIFIER = com.VinhNguyen.ChessMasterLibrary;
				PRODUCT_NAME = "$(TARGET_NAME)";
			};
			name = Release;
		};
/* End XCBuildConfiguration section */

/* Begin XCConfigurationList section */
		840619AF1CF593D900207C49 /* Build configuration list for PBXProject "ChessMasterLibrary" */ = {
			isa = XCConfigurationList;
			buildConfigurations = (
				840619C91CF593D900207C49 /* Debug */,
				840619CA1CF593D900207C49 /* Release */,
			);
			defaultConfigurationIsVisible = 0;
			defaultConfigurationName = Release;
		};
		840619CB1CF593D900207C49 /* Build configuration list for PBXNativeTarget "ChessMasterLibrary" */ = {
			isa = XCConfigurationList;
			buildConfigurations = (
				840619CC1CF593D900207C49 /* Debug */,
				840619CD1CF593D900207C49 /* Release */,
			);
			defaultConfigurationIsVisible = 0;
			defaultConfigurationName = Release;
		};
/* End XCConfigurationList section */
	};
	rootObject = 840619AC1CF593D900207C49 /* Project object */;
}
