// !$*UTF8*$!
{
	archiveVersion = 1;
	classes = {
	};
	objectVersion = 46;
	objects = {

/* Begin PBXBuildFile section */
		99CD410E1CF3F43A00ABDA43 /* Chariot.m in Sources */ = {isa = PBXBuildFile; fileRef = 99CD410D1CF3F43A00ABDA43 /* Chariot.m */; };
		99CD41111CF3F9F500ABDA43 /* Cannon.m in Sources */ = {isa = PBXBuildFile; fileRef = 99CD41101CF3F9F500ABDA43 /* Cannon.m */; };
		99E251301CF2107300D1430F /* main.m in Sources */ = {isa = PBXBuildFile; fileRef = 99E2512F1CF2107300D1430F /* main.m */; };
		99E251331CF2107300D1430F /* AppDelegate.m in Sources */ = {isa = PBXBuildFile; fileRef = 99E251321CF2107300D1430F /* AppDelegate.m */; };
		99E251361CF2107300D1430F /* ViewController.m in Sources */ = {isa = PBXBuildFile; fileRef = 99E251351CF2107300D1430F /* ViewController.m */; };
		99E251391CF2107300D1430F /* Main.storyboard in Resources */ = {isa = PBXBuildFile; fileRef = 99E251371CF2107300D1430F /* Main.storyboard */; };
		99E2513B1CF2107300D1430F /* Assets.xcassets in Resources */ = {isa = PBXBuildFile; fileRef = 99E2513A1CF2107300D1430F /* Assets.xcassets */; };
		99E2513E1CF2107300D1430F /* LaunchScreen.storyboard in Resources */ = {isa = PBXBuildFile; fileRef = 99E2513C1CF2107300D1430F /* LaunchScreen.storyboard */; };
		99E2514A1CF210C000D1430F /* GameObject.m in Sources */ = {isa = PBXBuildFile; fileRef = 99E251491CF210C000D1430F /* GameObject.m */; };
		99E2514E1CF210EE00D1430F /* Map.m in Sources */ = {isa = PBXBuildFile; fileRef = 99E2514D1CF210EE00D1430F /* Map.m */; };
		99E251511CF2110000D1430F /* Player.m in Sources */ = {isa = PBXBuildFile; fileRef = 99E251501CF2110000D1430F /* Player.m */; };
		99E251551CF2113700D1430F /* Piece.m in Sources */ = {isa = PBXBuildFile; fileRef = 99E251541CF2113700D1430F /* Piece.m */; };
		99E251581CF2129C00D1430F /* King.m in Sources */ = {isa = PBXBuildFile; fileRef = 99E251571CF2129C00D1430F /* King.m */; };
		99E2515B1CF2194E00D1430F /* Advisor.m in Sources */ = {isa = PBXBuildFile; fileRef = 99E2515A1CF2194E00D1430F /* Advisor.m */; };
		99F00CD71CF36B66002441FD /* Horse.m in Sources */ = {isa = PBXBuildFile; fileRef = 99F00CD61CF36B66002441FD /* Horse.m */; };
/* End PBXBuildFile section */

/* Begin PBXFileReference section */
		9928E54F1CF327CC0072CC28 /* BoardProvider.h */ = {isa = PBXFileReference; fileEncoding = 4; lastKnownFileType = sourcecode.c.h; path = BoardProvider.h; sourceTree = "<group>"; };
		9928E5511CF32A060072CC28 /* PlayerColor.h */ = {isa = PBXFileReference; lastKnownFileType = sourcecode.c.h; path = PlayerColor.h; sourceTree = "<group>"; };
		9928E5521CF330820072CC28 /* BoardConfig.h */ = {isa = PBXFileReference; lastKnownFileType = sourcecode.c.h; path = BoardConfig.h; sourceTree = "<group>"; };
		99CD410C1CF3F43A00ABDA43 /* Chariot.h */ = {isa = PBXFileReference; fileEncoding = 4; lastKnownFileType = sourcecode.c.h; path = Chariot.h; sourceTree = "<group>"; };
		99CD410D1CF3F43A00ABDA43 /* Chariot.m */ = {isa = PBXFileReference; fileEncoding = 4; lastKnownFileType = sourcecode.c.objc; path = Chariot.m; sourceTree = "<group>"; };
		99CD410F1CF3F9F500ABDA43 /* Cannon.h */ = {isa = PBXFileReference; fileEncoding = 4; lastKnownFileType = sourcecode.c.h; path = Cannon.h; sourceTree = "<group>"; };
		99CD41101CF3F9F500ABDA43 /* Cannon.m */ = {isa = PBXFileReference; fileEncoding = 4; lastKnownFileType = sourcecode.c.objc; path = Cannon.m; sourceTree = "<group>"; };
		99E2512B1CF2107300D1430F /* ChineseChess.app */ = {isa = PBXFileReference; explicitFileType = wrapper.application; includeInIndex = 0; path = ChineseChess.app; sourceTree = BUILT_PRODUCTS_DIR; };
		99E2512F1CF2107300D1430F /* main.m */ = {isa = PBXFileReference; lastKnownFileType = sourcecode.c.objc; path = main.m; sourceTree = "<group>"; };
		99E251311CF2107300D1430F /* AppDelegate.h */ = {isa = PBXFileReference; lastKnownFileType = sourcecode.c.h; path = AppDelegate.h; sourceTree = "<group>"; };
		99E251321CF2107300D1430F /* AppDelegate.m */ = {isa = PBXFileReference; lastKnownFileType = sourcecode.c.objc; path = AppDelegate.m; sourceTree = "<group>"; };
		99E251341CF2107300D1430F /* ViewController.h */ = {isa = PBXFileReference; lastKnownFileType = sourcecode.c.h; path = ViewController.h; sourceTree = "<group>"; };
		99E251351CF2107300D1430F /* ViewController.m */ = {isa = PBXFileReference; lastKnownFileType = sourcecode.c.objc; path = ViewController.m; sourceTree = "<group>"; };
		99E251381CF2107300D1430F /* Base */ = {isa = PBXFileReference; lastKnownFileType = file.storyboard; name = Base; path = Base.lproj/Main.storyboard; sourceTree = "<group>"; };
		99E2513A1CF2107300D1430F /* Assets.xcassets */ = {isa = PBXFileReference; lastKnownFileType = folder.assetcatalog; path = Assets.xcassets; sourceTree = "<group>"; };
		99E2513D1CF2107300D1430F /* Base */ = {isa = PBXFileReference; lastKnownFileType = file.storyboard; name = Base; path = Base.lproj/LaunchScreen.storyboard; sourceTree = "<group>"; };
		99E2513F1CF2107300D1430F /* Info.plist */ = {isa = PBXFileReference; lastKnownFileType = text.plist.xml; path = Info.plist; sourceTree = "<group>"; };
		99E251481CF210C000D1430F /* GameObject.h */ = {isa = PBXFileReference; fileEncoding = 4; lastKnownFileType = sourcecode.c.h; path = GameObject.h; sourceTree = "<group>"; };
		99E251491CF210C000D1430F /* GameObject.m */ = {isa = PBXFileReference; fileEncoding = 4; lastKnownFileType = sourcecode.c.objc; path = GameObject.m; sourceTree = "<group>"; };
		99E2514C1CF210EE00D1430F /* Map.h */ = {isa = PBXFileReference; fileEncoding = 4; lastKnownFileType = sourcecode.c.h; path = Map.h; sourceTree = "<group>"; };
		99E2514D1CF210EE00D1430F /* Map.m */ = {isa = PBXFileReference; fileEncoding = 4; lastKnownFileType = sourcecode.c.objc; path = Map.m; sourceTree = "<group>"; };
		99E2514F1CF2110000D1430F /* Player.h */ = {isa = PBXFileReference; fileEncoding = 4; lastKnownFileType = sourcecode.c.h; path = Player.h; sourceTree = "<group>"; };
		99E251501CF2110000D1430F /* Player.m */ = {isa = PBXFileReference; fileEncoding = 4; lastKnownFileType = sourcecode.c.objc; path = Player.m; sourceTree = "<group>"; };
		99E251531CF2113700D1430F /* Piece.h */ = {isa = PBXFileReference; fileEncoding = 4; lastKnownFileType = sourcecode.c.h; path = Piece.h; sourceTree = "<group>"; };
		99E251541CF2113700D1430F /* Piece.m */ = {isa = PBXFileReference; fileEncoding = 4; lastKnownFileType = sourcecode.c.objc; path = Piece.m; sourceTree = "<group>"; };
		99E251561CF2129C00D1430F /* King.h */ = {isa = PBXFileReference; fileEncoding = 4; lastKnownFileType = sourcecode.c.h; path = King.h; sourceTree = "<group>"; };
		99E251571CF2129C00D1430F /* King.m */ = {isa = PBXFileReference; fileEncoding = 4; lastKnownFileType = sourcecode.c.objc; path = King.m; sourceTree = "<group>"; };
		99E251591CF2194E00D1430F /* Advisor.h */ = {isa = PBXFileReference; fileEncoding = 4; lastKnownFileType = sourcecode.c.h; path = Advisor.h; sourceTree = "<group>"; };
		99E2515A1CF2194E00D1430F /* Advisor.m */ = {isa = PBXFileReference; fileEncoding = 4; lastKnownFileType = sourcecode.c.objc; path = Advisor.m; sourceTree = "<group>"; };
		99F00CD51CF36B66002441FD /* Horse.h */ = {isa = PBXFileReference; fileEncoding = 4; lastKnownFileType = sourcecode.c.h; path = Horse.h; sourceTree = "<group>"; };
		99F00CD61CF36B66002441FD /* Horse.m */ = {isa = PBXFileReference; fileEncoding = 4; lastKnownFileType = sourcecode.c.objc; path = Horse.m; sourceTree = "<group>"; };
/* End PBXFileReference section */

/* Begin PBXFrameworksBuildPhase section */
		99E251281CF2107200D1430F /* Frameworks */ = {
			isa = PBXFrameworksBuildPhase;
			buildActionMask = 2147483647;
			files = (
			);
			runOnlyForDeploymentPostprocessing = 0;
		};
/* End PBXFrameworksBuildPhase section */

/* Begin PBXGroup section */
		99E251221CF2107200D1430F = {
			isa = PBXGroup;
			children = (
				99E2512D1CF2107300D1430F /* ChineseChess */,
				99E2512C1CF2107300D1430F /* Products */,
			);
			sourceTree = "<group>";
		};
		99E2512C1CF2107300D1430F /* Products */ = {
			isa = PBXGroup;
			children = (
				99E2512B1CF2107300D1430F /* ChineseChess.app */,
			);
			name = Products;
			sourceTree = "<group>";
		};
		99E2512D1CF2107300D1430F /* ChineseChess */ = {
			isa = PBXGroup;
			children = (
				99E251311CF2107300D1430F /* AppDelegate.h */,
				99E251321CF2107300D1430F /* AppDelegate.m */,
				99E2515C1CF21E0100D1430F /* Utilities */,
				99E251471CF2109E00D1430F /* Controller */,
				99E251461CF2109700D1430F /* View */,
				99E251451CF2108C00D1430F /* Model */,
				99E251371CF2107300D1430F /* Main.storyboard */,
				99E2513A1CF2107300D1430F /* Assets.xcassets */,
				99E2513C1CF2107300D1430F /* LaunchScreen.storyboard */,
				99E2513F1CF2107300D1430F /* Info.plist */,
				99E2512E1CF2107300D1430F /* Supporting Files */,
			);
			path = ChineseChess;
			sourceTree = "<group>";
		};
		99E2512E1CF2107300D1430F /* Supporting Files */ = {
			isa = PBXGroup;
			children = (
				99E2512F1CF2107300D1430F /* main.m */,
			);
			name = "Supporting Files";
			sourceTree = "<group>";
		};
		99E251451CF2108C00D1430F /* Model */ = {
			isa = PBXGroup;
			children = (
				99E251521CF2110E00D1430F /* Piece */,
				99E2514B1CF210D900D1430F /* Player */,
				99E251481CF210C000D1430F /* GameObject.h */,
				99E251491CF210C000D1430F /* GameObject.m */,
			);
			name = Model;
			sourceTree = "<group>";
		};
		99E251461CF2109700D1430F /* View */ = {
			isa = PBXGroup;
			children = (
				99E2514C1CF210EE00D1430F /* Map.h */,
				99E2514D1CF210EE00D1430F /* Map.m */,
			);
			name = View;
			sourceTree = "<group>";
		};
		99E251471CF2109E00D1430F /* Controller */ = {
			isa = PBXGroup;
			children = (
				99E251341CF2107300D1430F /* ViewController.h */,
				99E251351CF2107300D1430F /* ViewController.m */,
			);
			name = Controller;
			sourceTree = "<group>";
		};
		99E2514B1CF210D900D1430F /* Player */ = {
			isa = PBXGroup;
			children = (
				99E2514F1CF2110000D1430F /* Player.h */,
				99E251501CF2110000D1430F /* Player.m */,
			);
			name = Player;
			sourceTree = "<group>";
		};
		99E251521CF2110E00D1430F /* Piece */ = {
			isa = PBXGroup;
			children = (
				99E251531CF2113700D1430F /* Piece.h */,
				99E251541CF2113700D1430F /* Piece.m */,
				99E251561CF2129C00D1430F /* King.h */,
				99E251571CF2129C00D1430F /* King.m */,
				99E251591CF2194E00D1430F /* Advisor.h */,
				99E2515A1CF2194E00D1430F /* Advisor.m */,
				99F00CD51CF36B66002441FD /* Horse.h */,
				99F00CD61CF36B66002441FD /* Horse.m */,
				99CD410C1CF3F43A00ABDA43 /* Chariot.h */,
				99CD410D1CF3F43A00ABDA43 /* Chariot.m */,
				99CD410F1CF3F9F500ABDA43 /* Cannon.h */,
				99CD41101CF3F9F500ABDA43 /* Cannon.m */,
				9928E54F1CF327CC0072CC28 /* BoardProvider.h */,
			);
			name = Piece;
			sourceTree = "<group>";
		};
		99E2515C1CF21E0100D1430F /* Utilities */ = {
			isa = PBXGroup;
			children = (
				9928E5511CF32A060072CC28 /* PlayerColor.h */,
				9928E5521CF330820072CC28 /* BoardConfig.h */,
			);
			name = Utilities;
			sourceTree = "<group>";
		};
/* End PBXGroup section */

/* Begin PBXNativeTarget section */
		99E2512A1CF2107200D1430F /* ChineseChess */ = {
			isa = PBXNativeTarget;
			buildConfigurationList = 99E251421CF2107300D1430F /* Build configuration list for PBXNativeTarget "ChineseChess" */;
			buildPhases = (
				99E251271CF2107200D1430F /* Sources */,
				99E251281CF2107200D1430F /* Frameworks */,
				99E251291CF2107200D1430F /* Resources */,
			);
			buildRules = (
			);
			dependencies = (
			);
			name = ChineseChess;
			productName = ChineseChess;
			productReference = 99E2512B1CF2107300D1430F /* ChineseChess.app */;
			productType = "com.apple.product-type.application";
		};
/* End PBXNativeTarget section */

/* Begin PBXProject section */
		99E251231CF2107200D1430F /* Project object */ = {
			isa = PBXProject;
			attributes = {
				LastUpgradeCheck = 0730;
				ORGANIZATIONNAME = Mr.Vu;
				TargetAttributes = {
					99E2512A1CF2107200D1430F = {
						CreatedOnToolsVersion = 7.3;
						DevelopmentTeam = 56YJ3N6KSG;
					};
				};
			};
			buildConfigurationList = 99E251261CF2107200D1430F /* Build configuration list for PBXProject "ChineseChess" */;
			compatibilityVersion = "Xcode 3.2";
			developmentRegion = English;
			hasScannedForEncodings = 0;
			knownRegions = (
				en,
				Base,
			);
			mainGroup = 99E251221CF2107200D1430F;
			productRefGroup = 99E2512C1CF2107300D1430F /* Products */;
			projectDirPath = "";
			projectRoot = "";
			targets = (
				99E2512A1CF2107200D1430F /* ChineseChess */,
			);
		};
/* End PBXProject section */

/* Begin PBXResourcesBuildPhase section */
		99E251291CF2107200D1430F /* Resources */ = {
			isa = PBXResourcesBuildPhase;
			buildActionMask = 2147483647;
			files = (
				99E2513E1CF2107300D1430F /* LaunchScreen.storyboard in Resources */,
				99E2513B1CF2107300D1430F /* Assets.xcassets in Resources */,
				99E251391CF2107300D1430F /* Main.storyboard in Resources */,
			);
			runOnlyForDeploymentPostprocessing = 0;
		};
/* End PBXResourcesBuildPhase section */

/* Begin PBXSourcesBuildPhase section */
		99E251271CF2107200D1430F /* Sources */ = {
			isa = PBXSourcesBuildPhase;
			buildActionMask = 2147483647;
			files = (
				99CD41111CF3F9F500ABDA43 /* Cannon.m in Sources */,
				99E2514A1CF210C000D1430F /* GameObject.m in Sources */,
				99E2514E1CF210EE00D1430F /* Map.m in Sources */,
				99CD410E1CF3F43A00ABDA43 /* Chariot.m in Sources */,
				99F00CD71CF36B66002441FD /* Horse.m in Sources */,
				99E251361CF2107300D1430F /* ViewController.m in Sources */,
				99E251331CF2107300D1430F /* AppDelegate.m in Sources */,
				99E2515B1CF2194E00D1430F /* Advisor.m in Sources */,
				99E251581CF2129C00D1430F /* King.m in Sources */,
				99E251511CF2110000D1430F /* Player.m in Sources */,
				99E251301CF2107300D1430F /* main.m in Sources */,
				99E251551CF2113700D1430F /* Piece.m in Sources */,
			);
			runOnlyForDeploymentPostprocessing = 0;
		};
/* End PBXSourcesBuildPhase section */

/* Begin PBXVariantGroup section */
		99E251371CF2107300D1430F /* Main.storyboard */ = {
			isa = PBXVariantGroup;
			children = (
				99E251381CF2107300D1430F /* Base */,
			);
			name = Main.storyboard;
			sourceTree = "<group>";
		};
		99E2513C1CF2107300D1430F /* LaunchScreen.storyboard */ = {
			isa = PBXVariantGroup;
			children = (
				99E2513D1CF2107300D1430F /* Base */,
			);
			name = LaunchScreen.storyboard;
			sourceTree = "<group>";
		};
/* End PBXVariantGroup section */

/* Begin XCBuildConfiguration section */
		99E251401CF2107300D1430F /* Debug */ = {
			isa = XCBuildConfiguration;
			buildSettings = {
				ALWAYS_SEARCH_USER_PATHS = NO;
				CLANG_ANALYZER_NONNULL = YES;
				CLANG_CXX_LANGUAGE_STANDARD = "gnu++0x";
				CLANG_CXX_LIBRARY = "libc++";
				CLANG_ENABLE_MODULES = YES;
				CLANG_ENABLE_OBJC_ARC = YES;
				CLANG_WARN_BOOL_CONVERSION = YES;
				CLANG_WARN_CONSTANT_CONVERSION = YES;
				CLANG_WARN_DIRECT_OBJC_ISA_USAGE = YES_ERROR;
				CLANG_WARN_EMPTY_BODY = YES;
				CLANG_WARN_ENUM_CONVERSION = YES;
				CLANG_WARN_INT_CONVERSION = YES;
				CLANG_WARN_OBJC_ROOT_CLASS = YES_ERROR;
				CLANG_WARN_UNREACHABLE_CODE = YES;
				CLANG_WARN__DUPLICATE_METHOD_MATCH = YES;
				"CODE_SIGN_IDENTITY[sdk=iphoneos*]" = "iPhone Developer";
				COPY_PHASE_STRIP = NO;
				DEBUG_INFORMATION_FORMAT = dwarf;
				ENABLE_STRICT_OBJC_MSGSEND = YES;
				ENABLE_TESTABILITY = YES;
				GCC_C_LANGUAGE_STANDARD = gnu99;
				GCC_DYNAMIC_NO_PIC = NO;
				GCC_NO_COMMON_BLOCKS = YES;
				GCC_OPTIMIZATION_LEVEL = 0;
				GCC_PREPROCESSOR_DEFINITIONS = (
					"DEBUG=1",
					"$(inherited)",
				);
				GCC_WARN_64_TO_32_BIT_CONVERSION = YES;
				GCC_WARN_ABOUT_RETURN_TYPE = YES_ERROR;
				GCC_WARN_UNDECLARED_SELECTOR = YES;
				GCC_WARN_UNINITIALIZED_AUTOS = YES_AGGRESSIVE;
				GCC_WARN_UNUSED_FUNCTION = YES;
				GCC_WARN_UNUSED_VARIABLE = YES;
				IPHONEOS_DEPLOYMENT_TARGET = 9.3;
				MTL_ENABLE_DEBUG_INFO = YES;
				ONLY_ACTIVE_ARCH = YES;
				SDKROOT = iphoneos;
				TARGETED_DEVICE_FAMILY = "1,2";
			};
			name = Debug;
		};
		99E251411CF2107300D1430F /* Release */ = {
			isa = XCBuildConfiguration;
			buildSettings = {
				ALWAYS_SEARCH_USER_PATHS = NO;
				CLANG_ANALYZER_NONNULL = YES;
				CLANG_CXX_LANGUAGE_STANDARD = "gnu++0x";
				CLANG_CXX_LIBRARY = "libc++";
				CLANG_ENABLE_MODULES = YES;
				CLANG_ENABLE_OBJC_ARC = YES;
				CLANG_WARN_BOOL_CONVERSION = YES;
				CLANG_WARN_CONSTANT_CONVERSION = YES;
				CLANG_WARN_DIRECT_OBJC_ISA_USAGE = YES_ERROR;
				CLANG_WARN_EMPTY_BODY = YES;
				CLANG_WARN_ENUM_CONVERSION = YES;
				CLANG_WARN_INT_CONVERSION = YES;
				CLANG_WARN_OBJC_ROOT_CLASS = YES_ERROR;
				CLANG_WARN_UNREACHABLE_CODE = YES;
				CLANG_WARN__DUPLICATE_METHOD_MATCH = YES;
				"CODE_SIGN_IDENTITY[sdk=iphoneos*]" = "iPhone Developer";
				COPY_PHASE_STRIP = NO;
				DEBUG_INFORMATION_FORMAT = "dwarf-with-dsym";
				ENABLE_NS_ASSERTIONS = NO;
				ENABLE_STRICT_OBJC_MSGSEND = YES;
				GCC_C_LANGUAGE_STANDARD = gnu99;
				GCC_NO_COMMON_BLOCKS = YES;
				GCC_WARN_64_TO_32_BIT_CONVERSION = YES;
				GCC_WARN_ABOUT_RETURN_TYPE = YES_ERROR;
				GCC_WARN_UNDECLARED_SELECTOR = YES;
				GCC_WARN_UNINITIALIZED_AUTOS = YES_AGGRESSIVE;
				GCC_WARN_UNUSED_FUNCTION = YES;
				GCC_WARN_UNUSED_VARIABLE = YES;
				IPHONEOS_DEPLOYMENT_TARGET = 9.3;
				MTL_ENABLE_DEBUG_INFO = NO;
				SDKROOT = iphoneos;
				TARGETED_DEVICE_FAMILY = "1,2";
				VALIDATE_PRODUCT = YES;
			};
			name = Release;
		};
		99E251431CF2107300D1430F /* Debug */ = {
			isa = XCBuildConfiguration;
			buildSettings = {
				ASSETCATALOG_COMPILER_APPICON_NAME = AppIcon;
				INFOPLIST_FILE = ChineseChess/Info.plist;
				LD_RUNPATH_SEARCH_PATHS = "$(inherited) @executable_path/Frameworks";
				PRODUCT_BUNDLE_IDENTIFIER = vu.ChineseChess;
				PRODUCT_NAME = "$(TARGET_NAME)";
			};
			name = Debug;
		};
		99E251441CF2107300D1430F /* Release */ = {
			isa = XCBuildConfiguration;
			buildSettings = {
				ASSETCATALOG_COMPILER_APPICON_NAME = AppIcon;
				INFOPLIST_FILE = ChineseChess/Info.plist;
				LD_RUNPATH_SEARCH_PATHS = "$(inherited) @executable_path/Frameworks";
				PRODUCT_BUNDLE_IDENTIFIER = vu.ChineseChess;
				PRODUCT_NAME = "$(TARGET_NAME)";
			};
			name = Release;
		};
/* End XCBuildConfiguration section */

/* Begin XCConfigurationList section */
		99E251261CF2107200D1430F /* Build configuration list for PBXProject "ChineseChess" */ = {
			isa = XCConfigurationList;
			buildConfigurations = (
				99E251401CF2107300D1430F /* Debug */,
				99E251411CF2107300D1430F /* Release */,
			);
			defaultConfigurationIsVisible = 0;
			defaultConfigurationName = Release;
		};
		99E251421CF2107300D1430F /* Build configuration list for PBXNativeTarget "ChineseChess" */ = {
			isa = XCConfigurationList;
			buildConfigurations = (
				99E251431CF2107300D1430F /* Debug */,
				99E251441CF2107300D1430F /* Release */,
			);
			defaultConfigurationIsVisible = 0;
			defaultConfigurationName = Release;
		};
/* End XCConfigurationList section */
	};
	rootObject = 99E251231CF2107200D1430F /* Project object */;
}
